// !$*UTF8*$!
{
	archiveVersion = 1;
	classes = {
	};
	objectVersion = 46;
	objects = {

/* Begin PBXBuildFile section */
		461B98DF1EB8FB3A00479081 /* LoginController.swift in Sources */ = {isa = PBXBuildFile; fileRef = 461B98DE1EB8FB3A00479081 /* LoginController.swift */; };
		461B98E11EB9107300479081 /* Acao.swift in Sources */ = {isa = PBXBuildFile; fileRef = 461B98E01EB9107300479081 /* Acao.swift */; };
		461B98E31EBA274300479081 /* Ordem.swift in Sources */ = {isa = PBXBuildFile; fileRef = 461B98E21EBA274300479081 /* Ordem.swift */; };
		462026861EC2174800A8496E /* Carteira.swift in Sources */ = {isa = PBXBuildFile; fileRef = 462026851EC2174800A8496E /* Carteira.swift */; };
		462026881EC23F9100A8496E /* DepositoController.swift in Sources */ = {isa = PBXBuildFile; fileRef = 462026871EC23F9100A8496E /* DepositoController.swift */; };
		4620268A1EC2451E00A8496E /* RelatorioController.swift in Sources */ = {isa = PBXBuildFile; fileRef = 462026891EC2451E00A8496E /* RelatorioController.swift */; };
		4695617F1EB6814400393442 /* AppDelegate.swift in Sources */ = {isa = PBXBuildFile; fileRef = 4695617E1EB6814400393442 /* AppDelegate.swift */; };
		469561811EB6814400393442 /* ViewController.swift in Sources */ = {isa = PBXBuildFile; fileRef = 469561801EB6814400393442 /* ViewController.swift */; };
		469561831EB6814400393442 /* Assets.xcassets in Resources */ = {isa = PBXBuildFile; fileRef = 469561821EB6814400393442 /* Assets.xcassets */; };
		469561861EB6814400393442 /* Main.storyboard in Resources */ = {isa = PBXBuildFile; fileRef = 469561841EB6814400393442 /* Main.storyboard */; };
		469561911EB68AE200393442 /* OrdemController.swift in Sources */ = {isa = PBXBuildFile; fileRef = 4695618F1EB68AE200393442 /* OrdemController.swift */; };
		46E172EA1EBD548A000F93ED /* BrokeSocket.swift in Sources */ = {isa = PBXBuildFile; fileRef = 46E172E91EBD548A000F93ED /* BrokeSocket.swift */; };
		46F40F1F1EB6D24D002542DA /* Cliente.swift in Sources */ = {isa = PBXBuildFile; fileRef = 46F40F1E1EB6D24D002542DA /* Cliente.swift */; };
		46F40F211EB6D4F0002542DA /* Conta.swift in Sources */ = {isa = PBXBuildFile; fileRef = 46F40F201EB6D4F0002542DA /* Conta.swift */; };
		46F40F231EB6F0B4002542DA /* ClientPool.swift in Sources */ = {isa = PBXBuildFile; fileRef = 46F40F221EB6F0B4002542DA /* ClientPool.swift */; };
		46F40F291EB6F648002542DA /* CriarContaController.swift in Sources */ = {isa = PBXBuildFile; fileRef = 46F40F281EB6F648002542DA /* CriarContaController.swift */; };
		46F40F2B1EB6FED5002542DA /* GerenciaContaController.swift in Sources */ = {isa = PBXBuildFile; fileRef = 46F40F2A1EB6FED5002542DA /* GerenciaContaController.swift */; };
		BEA488A640D46E4573D51839 /* Pods_broker.framework in Frameworks */ = {isa = PBXBuildFile; fileRef = 40DABC900F212A0D7E0642DF /* Pods_broker.framework */; };
/* End PBXBuildFile section */

/* Begin PBXFileReference section */
		40DABC900F212A0D7E0642DF /* Pods_broker.framework */ = {isa = PBXFileReference; explicitFileType = wrapper.framework; includeInIndex = 0; path = Pods_broker.framework; sourceTree = BUILT_PRODUCTS_DIR; };
		45C5D3E20290183B3A0D662D /* Pods-broker.debug.xcconfig */ = {isa = PBXFileReference; includeInIndex = 1; lastKnownFileType = text.xcconfig; name = "Pods-broker.debug.xcconfig"; path = "Pods/Target Support Files/Pods-broker/Pods-broker.debug.xcconfig"; sourceTree = "<group>"; };
		461B98DE1EB8FB3A00479081 /* LoginController.swift */ = {isa = PBXFileReference; fileEncoding = 4; lastKnownFileType = sourcecode.swift; path = LoginController.swift; sourceTree = "<group>"; };
		461B98E01EB9107300479081 /* Acao.swift */ = {isa = PBXFileReference; fileEncoding = 4; lastKnownFileType = sourcecode.swift; path = Acao.swift; sourceTree = "<group>"; };
		461B98E21EBA274300479081 /* Ordem.swift */ = {isa = PBXFileReference; fileEncoding = 4; lastKnownFileType = sourcecode.swift; path = Ordem.swift; sourceTree = "<group>"; };
		462026851EC2174800A8496E /* Carteira.swift */ = {isa = PBXFileReference; fileEncoding = 4; lastKnownFileType = sourcecode.swift; path = Carteira.swift; sourceTree = "<group>"; };
		462026871EC23F9100A8496E /* DepositoController.swift */ = {isa = PBXFileReference; fileEncoding = 4; lastKnownFileType = sourcecode.swift; path = DepositoController.swift; sourceTree = "<group>"; };
		462026891EC2451E00A8496E /* RelatorioController.swift */ = {isa = PBXFileReference; fileEncoding = 4; lastKnownFileType = sourcecode.swift; path = RelatorioController.swift; sourceTree = "<group>"; };
		4695617B1EB6814400393442 /* broker.app */ = {isa = PBXFileReference; explicitFileType = wrapper.application; includeInIndex = 0; path = broker.app; sourceTree = BUILT_PRODUCTS_DIR; };
		4695617E1EB6814400393442 /* AppDelegate.swift */ = {isa = PBXFileReference; lastKnownFileType = sourcecode.swift; path = AppDelegate.swift; sourceTree = "<group>"; };
		469561801EB6814400393442 /* ViewController.swift */ = {isa = PBXFileReference; lastKnownFileType = sourcecode.swift; path = ViewController.swift; sourceTree = "<group>"; };
		469561821EB6814400393442 /* Assets.xcassets */ = {isa = PBXFileReference; lastKnownFileType = folder.assetcatalog; path = Assets.xcassets; sourceTree = "<group>"; };
		469561851EB6814400393442 /* Base */ = {isa = PBXFileReference; lastKnownFileType = file.storyboard; name = Base; path = Base.lproj/Main.storyboard; sourceTree = "<group>"; };
		469561871EB6814400393442 /* Info.plist */ = {isa = PBXFileReference; lastKnownFileType = text.plist.xml; path = Info.plist; sourceTree = "<group>"; };
		4695618F1EB68AE200393442 /* OrdemController.swift */ = {isa = PBXFileReference; fileEncoding = 4; lastKnownFileType = sourcecode.swift; path = OrdemController.swift; sourceTree = "<group>"; };
		46E172E91EBD548A000F93ED /* BrokeSocket.swift */ = {isa = PBXFileReference; fileEncoding = 4; lastKnownFileType = sourcecode.swift; path = BrokeSocket.swift; sourceTree = "<group>"; };
		46F40F1E1EB6D24D002542DA /* Cliente.swift */ = {isa = PBXFileReference; fileEncoding = 4; lastKnownFileType = sourcecode.swift; path = Cliente.swift; sourceTree = "<group>"; };
		46F40F201EB6D4F0002542DA /* Conta.swift */ = {isa = PBXFileReference; fileEncoding = 4; lastKnownFileType = sourcecode.swift; path = Conta.swift; sourceTree = "<group>"; };
		46F40F221EB6F0B4002542DA /* ClientPool.swift */ = {isa = PBXFileReference; fileEncoding = 4; lastKnownFileType = sourcecode.swift; path = ClientPool.swift; sourceTree = "<group>"; };
		46F40F281EB6F648002542DA /* CriarContaController.swift */ = {isa = PBXFileReference; fileEncoding = 4; lastKnownFileType = sourcecode.swift; path = CriarContaController.swift; sourceTree = "<group>"; };
		46F40F2A1EB6FED5002542DA /* GerenciaContaController.swift */ = {isa = PBXFileReference; fileEncoding = 4; lastKnownFileType = sourcecode.swift; path = GerenciaContaController.swift; sourceTree = "<group>"; };
		689020DC94CDA30586F967DC /* Pods-broker.release.xcconfig */ = {isa = PBXFileReference; includeInIndex = 1; lastKnownFileType = text.xcconfig; name = "Pods-broker.release.xcconfig"; path = "Pods/Target Support Files/Pods-broker/Pods-broker.release.xcconfig"; sourceTree = "<group>"; };
/* End PBXFileReference section */

/* Begin PBXFrameworksBuildPhase section */
		469561781EB6814400393442 /* Frameworks */ = {
			isa = PBXFrameworksBuildPhase;
			buildActionMask = 2147483647;
			files = (
				BEA488A640D46E4573D51839 /* Pods_broker.framework in Frameworks */,
			);
			runOnlyForDeploymentPostprocessing = 0;
		};
/* End PBXFrameworksBuildPhase section */

/* Begin PBXGroup section */
		469561721EB6814400393442 = {
			isa = PBXGroup;
			children = (
				4695617D1EB6814400393442 /* broker */,
				4695617C1EB6814400393442 /* Products */,
				F60425C8111B293A8CFECB86 /* Pods */,
				49D4CF643F82550749445337 /* Frameworks */,
			);
			sourceTree = "<group>";
		};
		4695617C1EB6814400393442 /* Products */ = {
			isa = PBXGroup;
			children = (
				4695617B1EB6814400393442 /* broker.app */,
			);
			name = Products;
			sourceTree = "<group>";
		};
		4695617D1EB6814400393442 /* broker */ = {
			isa = PBXGroup;
			children = (
				4695617E1EB6814400393442 /* AppDelegate.swift */,
				469561801EB6814400393442 /* ViewController.swift */,
				469561821EB6814400393442 /* Assets.xcassets */,
				469561841EB6814400393442 /* Main.storyboard */,
				469561871EB6814400393442 /* Info.plist */,
				4695618F1EB68AE200393442 /* OrdemController.swift */,
				46F40F1E1EB6D24D002542DA /* Cliente.swift */,
				46F40F201EB6D4F0002542DA /* Conta.swift */,
				462026851EC2174800A8496E /* Carteira.swift */,
				46F40F221EB6F0B4002542DA /* ClientPool.swift */,
				46F40F281EB6F648002542DA /* CriarContaController.swift */,
				46F40F2A1EB6FED5002542DA /* GerenciaContaController.swift */,
				461B98DE1EB8FB3A00479081 /* LoginController.swift */,
				461B98E01EB9107300479081 /* Acao.swift */,
				461B98E21EBA274300479081 /* Ordem.swift */,
				46E172E91EBD548A000F93ED /* BrokeSocket.swift */,
				462026871EC23F9100A8496E /* DepositoController.swift */,
				462026891EC2451E00A8496E /* RelatorioController.swift */,
			);
			path = broker;
			sourceTree = "<group>";
		};
		49D4CF643F82550749445337 /* Frameworks */ = {
			isa = PBXGroup;
			children = (
				40DABC900F212A0D7E0642DF /* Pods_broker.framework */,
			);
			name = Frameworks;
			sourceTree = "<group>";
		};
		F60425C8111B293A8CFECB86 /* Pods */ = {
			isa = PBXGroup;
			children = (
				45C5D3E20290183B3A0D662D /* Pods-broker.debug.xcconfig */,
				689020DC94CDA30586F967DC /* Pods-broker.release.xcconfig */,
			);
			name = Pods;
			sourceTree = "<group>";
		};
/* End PBXGroup section */

/* Begin PBXNativeTarget section */
		4695617A1EB6814400393442 /* broker */ = {
			isa = PBXNativeTarget;
			buildConfigurationList = 4695618A1EB6814400393442 /* Build configuration list for PBXNativeTarget "broker" */;
			buildPhases = (
				81B4910E00C0AC100F23F654 /* [CP] Check Pods Manifest.lock */,
				469561771EB6814400393442 /* Sources */,
				469561781EB6814400393442 /* Frameworks */,
				469561791EB6814400393442 /* Resources */,
				8635451D0DA4B764A29E091B /* [CP] Embed Pods Frameworks */,
				121C48CF27205673B3630BDB /* [CP] Copy Pods Resources */,
			);
			buildRules = (
			);
			dependencies = (
			);
			name = broker;
			productName = broker;
			productReference = 4695617B1EB6814400393442 /* broker.app */;
			productType = "com.apple.product-type.application";
		};
/* End PBXNativeTarget section */

/* Begin PBXProject section */
		469561731EB6814400393442 /* Project object */ = {
			isa = PBXProject;
			attributes = {
				LastSwiftUpdateCheck = 0830;
				LastUpgradeCheck = 0830;
				ORGANIZATIONNAME = egrassl;
				TargetAttributes = {
					4695617A1EB6814400393442 = {
						CreatedOnToolsVersion = 8.3.2;
						DevelopmentTeam = Y6XUQV974B;
						ProvisioningStyle = Automatic;
					};
				};
			};
			buildConfigurationList = 469561761EB6814400393442 /* Build configuration list for PBXProject "broker" */;
			compatibilityVersion = "Xcode 3.2";
			developmentRegion = English;
			hasScannedForEncodings = 0;
			knownRegions = (
				en,
				Base,
			);
			mainGroup = 469561721EB6814400393442;
			productRefGroup = 4695617C1EB6814400393442 /* Products */;
			projectDirPath = "";
			projectRoot = "";
			targets = (
				4695617A1EB6814400393442 /* broker */,
			);
		};
/* End PBXProject section */

/* Begin PBXResourcesBuildPhase section */
		469561791EB6814400393442 /* Resources */ = {
			isa = PBXResourcesBuildPhase;
			buildActionMask = 2147483647;
			files = (
				469561831EB6814400393442 /* Assets.xcassets in Resources */,
				469561861EB6814400393442 /* Main.storyboard in Resources */,
			);
			runOnlyForDeploymentPostprocessing = 0;
		};
/* End PBXResourcesBuildPhase section */

/* Begin PBXShellScriptBuildPhase section */
		121C48CF27205673B3630BDB /* [CP] Copy Pods Resources */ = {
			isa = PBXShellScriptBuildPhase;
			buildActionMask = 2147483647;
			files = (
			);
			inputPaths = (
			);
			name = "[CP] Copy Pods Resources";
			outputPaths = (
			);
			runOnlyForDeploymentPostprocessing = 0;
			shellPath = /bin/sh;
			shellScript = "\"${SRCROOT}/Pods/Target Support Files/Pods-broker/Pods-broker-resources.sh\"\n";
			showEnvVarsInLog = 0;
		};
		81B4910E00C0AC100F23F654 /* [CP] Check Pods Manifest.lock */ = {
			isa = PBXShellScriptBuildPhase;
			buildActionMask = 2147483647;
			files = (
			);
			inputPaths = (
			);
			name = "[CP] Check Pods Manifest.lock";
			outputPaths = (
			);
			runOnlyForDeploymentPostprocessing = 0;
			shellPath = /bin/sh;
			shellScript = "diff \"${PODS_PODFILE_DIR_PATH}/Podfile.lock\" \"${PODS_ROOT}/Manifest.lock\" > /dev/null\nif [ $? != 0 ] ; then\n    # print error to STDERR\n    echo \"error: The sandbox is not in sync with the Podfile.lock. Run 'pod install' or update your CocoaPods installation.\" >&2\n    exit 1\nfi\n";
			showEnvVarsInLog = 0;
		};
		8635451D0DA4B764A29E091B /* [CP] Embed Pods Frameworks */ = {
			isa = PBXShellScriptBuildPhase;
			buildActionMask = 2147483647;
			files = (
			);
			inputPaths = (
			);
			name = "[CP] Embed Pods Frameworks";
			outputPaths = (
			);
			runOnlyForDeploymentPostprocessing = 0;
			shellPath = /bin/sh;
			shellScript = "\"${SRCROOT}/Pods/Target Support Files/Pods-broker/Pods-broker-frameworks.sh\"\n";
			showEnvVarsInLog = 0;
		};
/* End PBXShellScriptBuildPhase section */

/* Begin PBXSourcesBuildPhase section */
		469561771EB6814400393442 /* Sources */ = {
			isa = PBXSourcesBuildPhase;
			buildActionMask = 2147483647;
			files = (
				46E172EA1EBD548A000F93ED /* BrokeSocket.swift in Sources */,
				46F40F1F1EB6D24D002542DA /* Cliente.swift in Sources */,
				461B98E11EB9107300479081 /* Acao.swift in Sources */,
				46F40F211EB6D4F0002542DA /* Conta.swift in Sources */,
				462026881EC23F9100A8496E /* DepositoController.swift in Sources */,
				46F40F231EB6F0B4002542DA /* ClientPool.swift in Sources */,
				469561911EB68AE200393442 /* OrdemController.swift in Sources */,
				461B98DF1EB8FB3A00479081 /* LoginController.swift in Sources */,
				462026861EC2174800A8496E /* Carteira.swift in Sources */,
				46F40F291EB6F648002542DA /* CriarContaController.swift in Sources */,
				469561811EB6814400393442 /* ViewController.swift in Sources */,
				4695617F1EB6814400393442 /* AppDelegate.swift in Sources */,
				46F40F2B1EB6FED5002542DA /* GerenciaContaController.swift in Sources */,
				4620268A1EC2451E00A8496E /* RelatorioController.swift in Sources */,
				461B98E31EBA274300479081 /* Ordem.swift in Sources */,
			);
			runOnlyForDeploymentPostprocessing = 0;
		};
/* End PBXSourcesBuildPhase section */

/* Begin PBXVariantGroup section */
		469561841EB6814400393442 /* Main.storyboard */ = {
			isa = PBXVariantGroup;
			children = (
				469561851EB6814400393442 /* Base */,
			);
			name = Main.storyboard;
			sourceTree = "<group>";
		};
/* End PBXVariantGroup section */

/* Begin XCBuildConfiguration section */
		469561881EB6814400393442 /* Debug */ = {
			isa = XCBuildConfiguration;
			buildSettings = {
				ALWAYS_SEARCH_USER_PATHS = NO;
				CLANG_ANALYZER_NONNULL = YES;
				CLANG_ANALYZER_NUMBER_OBJECT_CONVERSION = YES_AGGRESSIVE;
				CLANG_CXX_LANGUAGE_STANDARD = "gnu++0x";
				CLANG_CXX_LIBRARY = "libc++";
				CLANG_ENABLE_MODULES = YES;
				CLANG_ENABLE_OBJC_ARC = YES;
				CLANG_WARN_BOOL_CONVERSION = YES;
				CLANG_WARN_CONSTANT_CONVERSION = YES;
				CLANG_WARN_DIRECT_OBJC_ISA_USAGE = YES_ERROR;
				CLANG_WARN_DOCUMENTATION_COMMENTS = YES;
				CLANG_WARN_EMPTY_BODY = YES;
				CLANG_WARN_ENUM_CONVERSION = YES;
				CLANG_WARN_INFINITE_RECURSION = YES;
				CLANG_WARN_INT_CONVERSION = YES;
				CLANG_WARN_OBJC_ROOT_CLASS = YES_ERROR;
				CLANG_WARN_SUSPICIOUS_MOVE = YES;
				CLANG_WARN_UNREACHABLE_CODE = YES;
				CLANG_WARN__DUPLICATE_METHOD_MATCH = YES;
				CODE_SIGN_IDENTITY = "-";
				COPY_PHASE_STRIP = NO;
				DEBUG_INFORMATION_FORMAT = dwarf;
				ENABLE_STRICT_OBJC_MSGSEND = YES;
				ENABLE_TESTABILITY = YES;
				GCC_C_LANGUAGE_STANDARD = gnu99;
				GCC_DYNAMIC_NO_PIC = NO;
				GCC_NO_COMMON_BLOCKS = YES;
				GCC_OPTIMIZATION_LEVEL = 0;
				GCC_PREPROCESSOR_DEFINITIONS = (
					"DEBUG=1",
					"$(inherited)",
				);
				GCC_WARN_64_TO_32_BIT_CONVERSION = YES;
				GCC_WARN_ABOUT_RETURN_TYPE = YES_ERROR;
				GCC_WARN_UNDECLARED_SELECTOR = YES;
				GCC_WARN_UNINITIALIZED_AUTOS = YES_AGGRESSIVE;
				GCC_WARN_UNUSED_FUNCTION = YES;
				GCC_WARN_UNUSED_VARIABLE = YES;
				MACOSX_DEPLOYMENT_TARGET = 10.12;
				MTL_ENABLE_DEBUG_INFO = YES;
				ONLY_ACTIVE_ARCH = YES;
				SDKROOT = macosx;
				SWIFT_ACTIVE_COMPILATION_CONDITIONS = DEBUG;
				SWIFT_OPTIMIZATION_LEVEL = "-Onone";
			};
			name = Debug;
		};
		469561891EB6814400393442 /* Release */ = {
			isa = XCBuildConfiguration;
			buildSettings = {
				ALWAYS_SEARCH_USER_PATHS = NO;
				CLANG_ANALYZER_NONNULL = YES;
				CLANG_ANALYZER_NUMBER_OBJECT_CONVERSION = YES_AGGRESSIVE;
				CLANG_CXX_LANGUAGE_STANDARD = "gnu++0x";
				CLANG_CXX_LIBRARY = "libc++";
				CLANG_ENABLE_MODULES = YES;
				CLANG_ENABLE_OBJC_ARC = YES;
				CLANG_WARN_BOOL_CONVERSION = YES;
				CLANG_WARN_CONSTANT_CONVERSION = YES;
				CLANG_WARN_DIRECT_OBJC_ISA_USAGE = YES_ERROR;
				CLANG_WARN_DOCUMENTATION_COMMENTS = YES;
				CLANG_WARN_EMPTY_BODY = YES;
				CLANG_WARN_ENUM_CONVERSION = YES;
				CLANG_WARN_INFINITE_RECURSION = YES;
				CLANG_WARN_INT_CONVERSION = YES;
				CLANG_WARN_OBJC_ROOT_CLASS = YES_ERROR;
				CLANG_WARN_SUSPICIOUS_MOVE = YES;
				CLANG_WARN_UNREACHABLE_CODE = YES;
				CLANG_WARN__DUPLICATE_METHOD_MATCH = YES;
				CODE_SIGN_IDENTITY = "-";
				COPY_PHASE_STRIP = NO;
				DEBUG_INFORMATION_FORMAT = "dwarf-with-dsym";
				ENABLE_NS_ASSERTIONS = NO;
				ENABLE_STRICT_OBJC_MSGSEND = YES;
				GCC_C_LANGUAGE_STANDARD = gnu99;
				GCC_NO_COMMON_BLOCKS = YES;
				GCC_WARN_64_TO_32_BIT_CONVERSION = YES;
				GCC_WARN_ABOUT_RETURN_TYPE = YES_ERROR;
				GCC_WARN_UNDECLARED_SELECTOR = YES;
				GCC_WARN_UNINITIALIZED_AUTOS = YES_AGGRESSIVE;
				GCC_WARN_UNUSED_FUNCTION = YES;
				GCC_WARN_UNUSED_VARIABLE = YES;
				MACOSX_DEPLOYMENT_TARGET = 10.12;
				MTL_ENABLE_DEBUG_INFO = NO;
				SDKROOT = macosx;
				SWIFT_OPTIMIZATION_LEVEL = "-Owholemodule";
			};
			name = Release;
		};
		4695618B1EB6814400393442 /* Debug */ = {
			isa = XCBuildConfiguration;
			baseConfigurationReference = 45C5D3E20290183B3A0D662D /* Pods-broker.debug.xcconfig */;
			buildSettings = {
				ASSETCATALOG_COMPILER_APPICON_NAME = AppIcon;
				COMBINE_HIDPI_IMAGES = YES;
				DEVELOPMENT_TEAM = Y6XUQV974B;
				INFOPLIST_FILE = broker/Info.plist;
				LD_RUNPATH_SEARCH_PATHS = "$(inherited) @executable_path/../Frameworks";
				PRODUCT_BUNDLE_IDENTIFIER = grassl.eric.broker;
				PRODUCT_NAME = "$(TARGET_NAME)";
				SWIFT_VERSION = 3.0;
			};
			name = Debug;
		};
		4695618C1EB6814400393442 /* Release */ = {
			isa = XCBuildConfiguration;
			baseConfigurationReference = 689020DC94CDA30586F967DC /* Pods-broker.release.xcconfig */;
			buildSettings = {
				ASSETCATALOG_COMPILER_APPICON_NAME = AppIcon;
				COMBINE_HIDPI_IMAGES = YES;
				DEVELOPMENT_TEAM = Y6XUQV974B;
				INFOPLIST_FILE = broker/Info.plist;
				LD_RUNPATH_SEARCH_PATHS = "$(inherited) @executable_path/../Frameworks";
				PRODUCT_BUNDLE_IDENTIFIER = grassl.eric.broker;
				PRODUCT_NAME = "$(TARGET_NAME)";
				SWIFT_VERSION = 3.0;
			};
			name = Release;
		};
/* End XCBuildConfiguration section */

/* Begin XCConfigurationList section */
		469561761EB6814400393442 /* Build configuration list for PBXProject "broker" */ = {
			isa = XCConfigurationList;
			buildConfigurations = (
				469561881EB6814400393442 /* Debug */,
				469561891EB6814400393442 /* Release */,
			);
			defaultConfigurationIsVisible = 0;
			defaultConfigurationName = Release;
		};
		4695618A1EB6814400393442 /* Build configuration list for PBXNativeTarget "broker" */ = {
			isa = XCConfigurationList;
			buildConfigurations = (
				4695618B1EB6814400393442 /* Debug */,
				4695618C1EB6814400393442 /* Release */,
			);
			defaultConfigurationIsVisible = 0;
			defaultConfigurationName = Release;
		};
/* End XCConfigurationList section */
	};
	rootObject = 469561731EB6814400393442 /* Project object */;
}
